
Microsoft Visual Studio Solution File, Format Version 12.00
# Visual Studio Version 17
VisualStudioVersion = 17.10.35004.147
MinimumVisualStudioVersion = 10.0.40219.1
Project("{FAE04EC0-301F-11D3-BF4B-00C04F79EFBC}") = "RBJChallenge", "RBJChallenge.csproj", "{694376EE-D6A4-4C0C-9AC9-5D0A5B42B416}"
EndProject
Global
	GlobalSection(SolutionConfigurationPlatforms) = preSolution
		Debug|Any CPU = Debug|Any CPU
		Release|Any CPU = Release|Any CPU
	EndGlobalSection
	GlobalSection(ProjectConfigurationPlatforms) = postSolution
		{694376EE-D6A4-4C0C-9AC9-5D0A5B42B416}.Debug|Any CPU.ActiveCfg = Debug|Any CPU
		{694376EE-D6A4-4C0C-9AC9-5D0A5B42B416}.Debug|Any CPU.Build.0 = Debug|Any CPU
		{694376EE-D6A4-4C0C-9AC9-5D0A5B42B416}.Release|Any CPU.ActiveCfg = Release|Any CPU
		{694376EE-D6A4-4C0C-9AC9-5D0A5B42B416}.Release|Any CPU.Build.0 = Release|Any CPU
	EndGlobalSection
	GlobalSection(SolutionProperties) = preSolution
		HideSolutionNode = FALSE
	EndGlobalSection
	GlobalSection(ExtensibilityGlobals) = postSolution
		SolutionGuid = {05C2FD25-DCE9-4F86-B59D-41A4F40AAFB7}
	EndGlobalSection
EndGlobal
